
Microsoft Visual Studio Solution File, Format Version 12.00
Project("{FAE04EC0-301F-11D3-BF4B-00C04F79EFBC}") = "UTXO E-Mail Agent", "UTXO E-Mail Agent\UTXO E-Mail Agent.csproj", "{449EB9EC-9197-4614-8B8D-688076B41520}"
EndProject
Project("{FAE04EC0-301F-11D3-BF4B-00C04F79EFBC}") = "UTXO E-Mail Agent Admintool", "UTXO E-Mail Agent Admintool\UTXO E-Mail Agent Admintool.csproj", "{63605789-2613-43F5-98D0-03E2458C896F}"
EndProject
Project("{FAE04EC0-301F-11D3-BF4B-00C04F79EFBC}") = "UTXO E-Mail Agent Shared", "UTXO E-Mail Agent Shared\UTXO E-Mail Agent Shared.csproj", "{EE3226AE-C860-46B0-BC98-1F6C31D3D65B}"
EndProject
Project("{2150E333-8FDC-42A3-9474-1A3956D46DE8}") = "claude-agent-sdk-dotnet", "claude-agent-sdk-dotnet", "{6C499B43-6596-FCDA-0E06-940F6C520C37}"
EndProject
Project("{2150E333-8FDC-42A3-9474-1A3956D46DE8}") = "src", "src", "{B1FE5877-D5EC-D762-7B05-FBA9408A723F}"
EndProject
Project("{FAE04EC0-301F-11D3-BF4B-00C04F79EFBC}") = "Claude.AgentSdk", "claude-agent-sdk-dotnet\src\Claude.AgentSdk\Claude.AgentSdk.csproj", "{21A1CAD1-9122-4C4F-81CD-145ACF142191}"
EndProject
Global
	GlobalSection(SolutionConfigurationPlatforms) = preSolution
		Debug|Any CPU = Debug|Any CPU
		Debug|x64 = Debug|x64
		Debug|x86 = Debug|x86
		Release|Any CPU = Release|Any CPU
		Release|x64 = Release|x64
		Release|x86 = Release|x86
	EndGlobalSection
	GlobalSection(ProjectConfigurationPlatforms) = postSolution
		{449EB9EC-9197-4614-8B8D-688076B41520}.Debug|Any CPU.ActiveCfg = Debug|Any CPU
		{449EB9EC-9197-4614-8B8D-688076B41520}.Debug|Any CPU.Build.0 = Debug|Any CPU
		{449EB9EC-9197-4614-8B8D-688076B41520}.Debug|x64.ActiveCfg = Debug|Any CPU
		{449EB9EC-9197-4614-8B8D-688076B41520}.Debug|x64.Build.0 = Debug|Any CPU
		{449EB9EC-9197-4614-8B8D-688076B41520}.Debug|x86.ActiveCfg = Debug|Any CPU
		{449EB9EC-9197-4614-8B8D-688076B41520}.Debug|x86.Build.0 = Debug|Any CPU
		{449EB9EC-9197-4614-8B8D-688076B41520}.Release|Any CPU.ActiveCfg = Release|Any CPU
		{449EB9EC-9197-4614-8B8D-688076B41520}.Release|Any CPU.Build.0 = Release|Any CPU
		{449EB9EC-9197-4614-8B8D-688076B41520}.Release|x64.ActiveCfg = Release|Any CPU
		{449EB9EC-9197-4614-8B8D-688076B41520}.Release|x64.Build.0 = Release|Any CPU
		{449EB9EC-9197-4614-8B8D-688076B41520}.Release|x86.ActiveCfg = Release|Any CPU
		{449EB9EC-9197-4614-8B8D-688076B41520}.Release|x86.Build.0 = Release|Any CPU
		{63605789-2613-43F5-98D0-03E2458C896F}.Debug|Any CPU.ActiveCfg = Debug|Any CPU
		{63605789-2613-43F5-98D0-03E2458C896F}.Debug|Any CPU.Build.0 = Debug|Any CPU
		{63605789-2613-43F5-98D0-03E2458C896F}.Debug|x64.ActiveCfg = Debug|Any CPU
		{63605789-2613-43F5-98D0-03E2458C896F}.Debug|x64.Build.0 = Debug|Any CPU
		{63605789-2613-43F5-98D0-03E2458C896F}.Debug|x86.ActiveCfg = Debug|Any CPU
		{63605789-2613-43F5-98D0-03E2458C896F}.Debug|x86.Build.0 = Debug|Any CPU
		{63605789-2613-43F5-98D0-03E2458C896F}.Release|Any CPU.ActiveCfg = Release|Any CPU
		{63605789-2613-43F5-98D0-03E2458C896F}.Release|Any CPU.Build.0 = Release|Any CPU
		{63605789-2613-43F5-98D0-03E2458C896F}.Release|x64.ActiveCfg = Release|Any CPU
		{63605789-2613-43F5-98D0-03E2458C896F}.Release|x64.Build.0 = Release|Any CPU
		{63605789-2613-43F5-98D0-03E2458C896F}.Release|x86.ActiveCfg = Release|Any CPU
		{63605789-2613-43F5-98D0-03E2458C896F}.Release|x86.Build.0 = Release|Any CPU
		{EE3226AE-C860-46B0-BC98-1F6C31D3D65B}.Debug|Any CPU.ActiveCfg = Debug|Any CPU
		{EE3226AE-C860-46B0-BC98-1F6C31D3D65B}.Debug|Any CPU.Build.0 = Debug|Any CPU
		{EE3226AE-C860-46B0-BC98-1F6C31D3D65B}.Debug|x64.ActiveCfg = Debug|Any CPU
		{EE3226AE-C860-46B0-BC98-1F6C31D3D65B}.Debug|x64.Build.0 = Debug|Any CPU
		{EE3226AE-C860-46B0-BC98-1F6C31D3D65B}.Debug|x86.ActiveCfg = Debug|Any CPU
		{EE3226AE-C860-46B0-BC98-1F6C31D3D65B}.Debug|x86.Build.0 = Debug|Any CPU
		{EE3226AE-C860-46B0-BC98-1F6C31D3D65B}.Release|Any CPU.ActiveCfg = Release|Any CPU
		{EE3226AE-C860-46B0-BC98-1F6C31D3D65B}.Release|Any CPU.Build.0 = Release|Any CPU
		{EE3226AE-C860-46B0-BC98-1F6C31D3D65B}.Release|x64.ActiveCfg = Release|Any CPU
		{EE3226AE-C860-46B0-BC98-1F6C31D3D65B}.Release|x64.Build.0 = Release|Any CPU
		{EE3226AE-C860-46B0-BC98-1F6C31D3D65B}.Release|x86.ActiveCfg = Release|Any CPU
		{EE3226AE-C860-46B0-BC98-1F6C31D3D65B}.Release|x86.Build.0 = Release|Any CPU
		{21A1CAD1-9122-4C4F-81CD-145ACF142191}.Debug|Any CPU.ActiveCfg = Debug|Any CPU
		{21A1CAD1-9122-4C4F-81CD-145ACF142191}.Debug|Any CPU.Build.0 = Debug|Any CPU
		{21A1CAD1-9122-4C4F-81CD-145ACF142191}.Debug|x64.ActiveCfg = Debug|Any CPU
		{21A1CAD1-9122-4C4F-81CD-145ACF142191}.Debug|x64.Build.0 = Debug|Any CPU
		{21A1CAD1-9122-4C4F-81CD-145ACF142191}.Debug|x86.ActiveCfg = Debug|Any CPU
		{21A1CAD1-9122-4C4F-81CD-145ACF142191}.Debug|x86.Build.0 = Debug|Any CPU
		{21A1CAD1-9122-4C4F-81CD-145ACF142191}.Release|Any CPU.ActiveCfg = Release|Any CPU
		{21A1CAD1-9122-4C4F-81CD-145ACF142191}.Release|Any CPU.Build.0 = Release|Any CPU
		{21A1CAD1-9122-4C4F-81CD-145ACF142191}.Release|x64.ActiveCfg = Release|Any CPU
		{21A1CAD1-9122-4C4F-81CD-145ACF142191}.Release|x64.Build.0 = Release|Any CPU
		{21A1CAD1-9122-4C4F-81CD-145ACF142191}.Release|x86.ActiveCfg = Release|Any CPU
		{21A1CAD1-9122-4C4F-81CD-145ACF142191}.Release|x86.Build.0 = Release|Any CPU
	EndGlobalSection
	GlobalSection(SolutionProperties) = preSolution
		HideSolutionNode = FALSE
	EndGlobalSection
	GlobalSection(NestedProjects) = preSolution
		{B1FE5877-D5EC-D762-7B05-FBA9408A723F} = {6C499B43-6596-FCDA-0E06-940F6C520C37}
		{21A1CAD1-9122-4C4F-81CD-145ACF142191} = {B1FE5877-D5EC-D762-7B05-FBA9408A723F}
	EndGlobalSection
EndGlobal
